
Microsoft Visual Studio Solution File, Format Version 12.00
# Visual Studio Version 17
VisualStudioVersion = 17.11.35208.52
MinimumVisualStudioVersion = 10.0.40219.1
Project("{FAE04EC0-301F-11D3-BF4B-00C04F79EFBC}") = "SpeechTodoApp", "SpeechTodoApp\SpeechTodoApp.csproj", "{921CE105-25B0-47D9-A0CA-38189313CE3F}"
EndProject
Project("{FAE04EC0-301F-11D3-BF4B-00C04F79EFBC}") = "VoiceService", "VoiceService\VoiceService.csproj", "{09081A99-4372-4896-9889-F34598B4C2AE}"
EndProject
Project("{FAE04EC0-301F-11D3-BF4B-00C04F79EFBC}") = "DatabaseLayer", "DatabaseLayer\DatabaseLayer.csproj", "{8E56DAA4-5217-4A97-9F74-21DADB92FFA5}"
EndProject
Project("{2150E333-8FDC-42A3-9474-1A3956D46DE8}") = "Solution Items", "Solution Items", "{7B90CE91-CA49-4BD8-B5AB-A0B511B5087D}"
	ProjectSection(SolutionItems) = preProject
		appsettings.json = appsettings.json
	EndProjectSection
EndProject
Global
	GlobalSection(SolutionConfigurationPlatforms) = preSolution
		Debug|Any CPU = Debug|Any CPU
		Release|Any CPU = Release|Any CPU
	EndGlobalSection
	GlobalSection(ProjectConfigurationPlatforms) = postSolution
		{921CE105-25B0-47D9-A0CA-38189313CE3F}.Debug|Any CPU.ActiveCfg = Debug|Any CPU
		{921CE105-25B0-47D9-A0CA-38189313CE3F}.Debug|Any CPU.Build.0 = Debug|Any CPU
		{921CE105-25B0-47D9-A0CA-38189313CE3F}.Release|Any CPU.ActiveCfg = Release|Any CPU
		{921CE105-25B0-47D9-A0CA-38189313CE3F}.Release|Any CPU.Build.0 = Release|Any CPU
		{09081A99-4372-4896-9889-F34598B4C2AE}.Debug|Any CPU.ActiveCfg = Debug|Any CPU
		{09081A99-4372-4896-9889-F34598B4C2AE}.Debug|Any CPU.Build.0 = Debug|Any CPU
		{09081A99-4372-4896-9889-F34598B4C2AE}.Release|Any CPU.ActiveCfg = Release|Any CPU
		{09081A99-4372-4896-9889-F34598B4C2AE}.Release|Any CPU.Build.0 = Release|Any CPU
		{8E56DAA4-5217-4A97-9F74-21DADB92FFA5}.Debug|Any CPU.ActiveCfg = Debug|Any CPU
		{8E56DAA4-5217-4A97-9F74-21DADB92FFA5}.Debug|Any CPU.Build.0 = Debug|Any CPU
		{8E56DAA4-5217-4A97-9F74-21DADB92FFA5}.Release|Any CPU.ActiveCfg = Release|Any CPU
		{8E56DAA4-5217-4A97-9F74-21DADB92FFA5}.Release|Any CPU.Build.0 = Release|Any CPU
	EndGlobalSection
	GlobalSection(SolutionProperties) = preSolution
		HideSolutionNode = FALSE
	EndGlobalSection
	GlobalSection(ExtensibilityGlobals) = postSolution
		SolutionGuid = {FE0FB4BE-F556-4223-81DE-32DCA04FF178}
	EndGlobalSection
EndGlobal
